// !$*UTF8*$!
{
	archiveVersion = 1;
	classes = {
	};
	objectVersion = 51;
	objects = {

/* Begin PBXBuildFile section */
		34FA323E248D0F9000985898 /* PassengerData.swift in Sources */ = {isa = PBXBuildFile; fileRef = 34FA323D248D0F9000985898 /* PassengerData.swift */; };
		34FA3243248D166200985898 /* busdata.json in Resources */ = {isa = PBXBuildFile; fileRef = 34FA3241248D166200985898 /* busdata.json */; };
		35637079B6E48AEA57F7608F /* Pods_AvoidCoronaApp.framework in Frameworks */ = {isa = PBXBuildFile; fileRef = 2A34A70F23F1FA6D9E257140 /* Pods_AvoidCoronaApp.framework */; };
		76B313DA248D666B00D036D2 /* subwaydata.json in Resources */ = {isa = PBXBuildFile; fileRef = 76B313D9248D666B00D036D2 /* subwaydata.json */; };
		ACA576D32485523D002F0A17 /* AppDelegate.swift in Sources */ = {isa = PBXBuildFile; fileRef = ACA576D22485523D002F0A17 /* AppDelegate.swift */; };
		ACA576D52485523D002F0A17 /* SceneDelegate.swift in Sources */ = {isa = PBXBuildFile; fileRef = ACA576D42485523D002F0A17 /* SceneDelegate.swift */; };
		ACA576DA2485523D002F0A17 /* Main.storyboard in Resources */ = {isa = PBXBuildFile; fileRef = ACA576D82485523D002F0A17 /* Main.storyboard */; };
		ACA576DC2485523F002F0A17 /* Assets.xcassets in Resources */ = {isa = PBXBuildFile; fileRef = ACA576DB2485523F002F0A17 /* Assets.xcassets */; };
		ACA576DF2485523F002F0A17 /* LaunchScreen.storyboard in Resources */ = {isa = PBXBuildFile; fileRef = ACA576DD2485523F002F0A17 /* LaunchScreen.storyboard */; };
		ACA576E724855313002F0A17 /* KoreaCoronaDetailViewController.swift in Sources */ = {isa = PBXBuildFile; fileRef = ACA576E624855313002F0A17 /* KoreaCoronaDetailViewController.swift */; };
		ACA576E92485537A002F0A17 /* SecondViewController.swift in Sources */ = {isa = PBXBuildFile; fileRef = ACA576E82485537A002F0A17 /* SecondViewController.swift */; };
		B835D45B248F8DA4001A4CBF /* RealtimeSituationBoardCell.swift in Sources */ = {isa = PBXBuildFile; fileRef = B835D45A248F8DA4001A4CBF /* RealtimeSituationBoardCell.swift */; };
		B874CF432490BD2800CEA270 /* TodaysCoronaViewController.swift in Sources */ = {isa = PBXBuildFile; fileRef = B874CF422490BD2800CEA270 /* TodaysCoronaViewController.swift */; };
		B874CF452490BE9800CEA270 /* RealtimeSituationBoardViewController.swift in Sources */ = {isa = PBXBuildFile; fileRef = B874CF442490BE9800CEA270 /* RealtimeSituationBoardViewController.swift */; };
		B874CF472490CAAD00CEA270 /* COVIDDetailCell.swift in Sources */ = {isa = PBXBuildFile; fileRef = B874CF462490CAAD00CEA270 /* COVIDDetailCell.swift */; };
		B87B87072487754600D93918 /* (null) in Sources */ = {isa = PBXBuildFile; };
/* End PBXBuildFile section */

/* Begin PBXFileReference section */
		2A34A70F23F1FA6D9E257140 /* Pods_AvoidCoronaApp.framework */ = {isa = PBXFileReference; explicitFileType = wrapper.framework; includeInIndex = 0; path = Pods_AvoidCoronaApp.framework; sourceTree = BUILT_PRODUCTS_DIR; };
		347CF90E24977D9600665887 /* Gong9Location.gpx */ = {isa = PBXFileReference; lastKnownFileType = text.xml; path = Gong9Location.gpx; sourceTree = "<group>"; };
		34FA323D248D0F9000985898 /* PassengerData.swift */ = {isa = PBXFileReference; lastKnownFileType = sourcecode.swift; path = PassengerData.swift; sourceTree = "<group>"; };
		34FA3241248D166200985898 /* busdata.json */ = {isa = PBXFileReference; fileEncoding = 4; lastKnownFileType = text.json; name = busdata.json; path = "../../Map Data Generation/busdata.json"; sourceTree = "<group>"; };
		3CE935DD4D298A69C1481DDC /* Pods-AvoidCoronaApp.debug.xcconfig */ = {isa = PBXFileReference; includeInIndex = 1; lastKnownFileType = text.xcconfig; name = "Pods-AvoidCoronaApp.debug.xcconfig"; path = "Target Support Files/Pods-AvoidCoronaApp/Pods-AvoidCoronaApp.debug.xcconfig"; sourceTree = "<group>"; };
		76B313D9248D666B00D036D2 /* subwaydata.json */ = {isa = PBXFileReference; fileEncoding = 4; lastKnownFileType = text.json; path = subwaydata.json; sourceTree = "<group>"; };
		ACA576CF2485523D002F0A17 /* AvoidCoronaApp.app */ = {isa = PBXFileReference; explicitFileType = wrapper.application; includeInIndex = 0; path = AvoidCoronaApp.app; sourceTree = BUILT_PRODUCTS_DIR; };
		ACA576D22485523D002F0A17 /* AppDelegate.swift */ = {isa = PBXFileReference; lastKnownFileType = sourcecode.swift; path = AppDelegate.swift; sourceTree = "<group>"; };
		ACA576D42485523D002F0A17 /* SceneDelegate.swift */ = {isa = PBXFileReference; lastKnownFileType = sourcecode.swift; path = SceneDelegate.swift; sourceTree = "<group>"; };
		ACA576D92485523D002F0A17 /* Base */ = {isa = PBXFileReference; lastKnownFileType = file.storyboard; name = Base; path = Base.lproj/Main.storyboard; sourceTree = "<group>"; };
		ACA576DB2485523F002F0A17 /* Assets.xcassets */ = {isa = PBXFileReference; lastKnownFileType = folder.assetcatalog; path = Assets.xcassets; sourceTree = "<group>"; };
		ACA576DE2485523F002F0A17 /* Base */ = {isa = PBXFileReference; lastKnownFileType = file.storyboard; name = Base; path = Base.lproj/LaunchScreen.storyboard; sourceTree = "<group>"; };
		ACA576E02485523F002F0A17 /* Info.plist */ = {isa = PBXFileReference; lastKnownFileType = text.plist.xml; path = Info.plist; sourceTree = "<group>"; };
		ACA576E624855313002F0A17 /* KoreaCoronaDetailViewController.swift */ = {isa = PBXFileReference; lastKnownFileType = sourcecode.swift; path = KoreaCoronaDetailViewController.swift; sourceTree = "<group>"; };
		ACA576E82485537A002F0A17 /* SecondViewController.swift */ = {isa = PBXFileReference; lastKnownFileType = sourcecode.swift; path = SecondViewController.swift; sourceTree = "<group>"; };
		B835D45A248F8DA4001A4CBF /* RealtimeSituationBoardCell.swift */ = {isa = PBXFileReference; fileEncoding = 4; lastKnownFileType = sourcecode.swift; path = RealtimeSituationBoardCell.swift; sourceTree = "<group>"; };
		B874CF422490BD2800CEA270 /* TodaysCoronaViewController.swift */ = {isa = PBXFileReference; lastKnownFileType = sourcecode.swift; path = TodaysCoronaViewController.swift; sourceTree = "<group>"; };
		B874CF442490BE9800CEA270 /* RealtimeSituationBoardViewController.swift */ = {isa = PBXFileReference; lastKnownFileType = sourcecode.swift; path = RealtimeSituationBoardViewController.swift; sourceTree = "<group>"; };
		B874CF462490CAAD00CEA270 /* COVIDDetailCell.swift */ = {isa = PBXFileReference; lastKnownFileType = sourcecode.swift; path = COVIDDetailCell.swift; sourceTree = "<group>"; };
		EA944F8AB6F2584367CE189B /* Pods-AvoidCoronaApp.release.xcconfig */ = {isa = PBXFileReference; includeInIndex = 1; lastKnownFileType = text.xcconfig; name = "Pods-AvoidCoronaApp.release.xcconfig"; path = "Target Support Files/Pods-AvoidCoronaApp/Pods-AvoidCoronaApp.release.xcconfig"; sourceTree = "<group>"; };
/* End PBXFileReference section */

/* Begin PBXFrameworksBuildPhase section */
		ACA576CC2485523D002F0A17 /* Frameworks */ = {
			isa = PBXFrameworksBuildPhase;
			buildActionMask = 2147483647;
			files = (
				35637079B6E48AEA57F7608F /* Pods_AvoidCoronaApp.framework in Frameworks */,
			);
			runOnlyForDeploymentPostprocessing = 0;
		};
/* End PBXFrameworksBuildPhase section */

/* Begin PBXGroup section */
		5A3EB08DEC4191A723A7739E /* Pods */ = {
			isa = PBXGroup;
			children = (
				3CE935DD4D298A69C1481DDC /* Pods-AvoidCoronaApp.debug.xcconfig */,
				EA944F8AB6F2584367CE189B /* Pods-AvoidCoronaApp.release.xcconfig */,
			);
			path = Pods;
			sourceTree = "<group>";
		};
		ACA576C62485523D002F0A17 = {
			isa = PBXGroup;
			children = (
				ACA576D12485523D002F0A17 /* AvoidCoronaApp */,
				ACA576D02485523D002F0A17 /* Products */,
				5A3EB08DEC4191A723A7739E /* Pods */,
				C4A22F39E07FCB9F6C0FEF65 /* Frameworks */,
			);
			sourceTree = "<group>";
		};
		ACA576D02485523D002F0A17 /* Products */ = {
			isa = PBXGroup;
			children = (
				ACA576CF2485523D002F0A17 /* AvoidCoronaApp.app */,
			);
			name = Products;
			sourceTree = "<group>";
		};
		ACA576D12485523D002F0A17 /* AvoidCoronaApp */ = {
			isa = PBXGroup;
			children = (
				ACA576D22485523D002F0A17 /* AppDelegate.swift */,
				ACA576D42485523D002F0A17 /* SceneDelegate.swift */,
				B874CF422490BD2800CEA270 /* TodaysCoronaViewController.swift */,
				B835D45A248F8DA4001A4CBF /* RealtimeSituationBoardCell.swift */,
				ACA576E82485537A002F0A17 /* SecondViewController.swift */,
				347CF90E24977D9600665887 /* Gong9Location.gpx */,
				ACA576D82485523D002F0A17 /* Main.storyboard */,
				B874CF442490BE9800CEA270 /* RealtimeSituationBoardViewController.swift */,
				B874CF462490CAAD00CEA270 /* COVIDDetailCell.swift */,
				ACA576E624855313002F0A17 /* KoreaCoronaDetailViewController.swift */,
				ACA576DB2485523F002F0A17 /* Assets.xcassets */,
				34FA3241248D166200985898 /* busdata.json */,
				76B313D9248D666B00D036D2 /* subwaydata.json */,
				ACA576DD2485523F002F0A17 /* LaunchScreen.storyboard */,
				ACA576E02485523F002F0A17 /* Info.plist */,
				34FA323D248D0F9000985898 /* PassengerData.swift */,
			);
			path = AvoidCoronaApp;
			sourceTree = "<group>";
		};
		C4A22F39E07FCB9F6C0FEF65 /* Frameworks */ = {
			isa = PBXGroup;
			children = (
				2A34A70F23F1FA6D9E257140 /* Pods_AvoidCoronaApp.framework */,
			);
			name = Frameworks;
			sourceTree = "<group>";
		};
/* End PBXGroup section */

/* Begin PBXNativeTarget section */
		ACA576CE2485523D002F0A17 /* AvoidCoronaApp */ = {
			isa = PBXNativeTarget;
			buildConfigurationList = ACA576E32485523F002F0A17 /* Build configuration list for PBXNativeTarget "AvoidCoronaApp" */;
			buildPhases = (
				256F167FE773B2000E2EF0B4 /* [CP] Check Pods Manifest.lock */,
				ACA576CB2485523D002F0A17 /* Sources */,
				ACA576CC2485523D002F0A17 /* Frameworks */,
				ACA576CD2485523D002F0A17 /* Resources */,
				BA2670CBFA69B54DA8D0277E /* [CP] Copy Pods Resources */,
				819E1519A645195D8CB32D38 /* [CP] Embed Pods Frameworks */,
			);
			buildRules = (
			);
			dependencies = (
			);
			name = AvoidCoronaApp;
			productName = AvoidCoronaApp;
			productReference = ACA576CF2485523D002F0A17 /* AvoidCoronaApp.app */;
			productType = "com.apple.product-type.application";
		};
/* End PBXNativeTarget section */

/* Begin PBXProject section */
		ACA576C72485523D002F0A17 /* Project object */ = {
			isa = PBXProject;
			attributes = {
				LastSwiftUpdateCheck = 1150;
				LastUpgradeCheck = 1150;
				ORGANIZATIONNAME = Azderica;
				TargetAttributes = {
					ACA576CE2485523D002F0A17 = {
						CreatedOnToolsVersion = 11.5;
					};
				};
			};
			buildConfigurationList = ACA576CA2485523D002F0A17 /* Build configuration list for PBXProject "AvoidCoronaApp" */;
			compatibilityVersion = "Xcode 9.3";
			developmentRegion = en;
			hasScannedForEncodings = 0;
			knownRegions = (
				en,
				Base,
			);
			mainGroup = ACA576C62485523D002F0A17;
			productRefGroup = ACA576D02485523D002F0A17 /* Products */;
			projectDirPath = "";
			projectRoot = "";
			targets = (
				ACA576CE2485523D002F0A17 /* AvoidCoronaApp */,
			);
		};
/* End PBXProject section */

/* Begin PBXResourcesBuildPhase section */
		ACA576CD2485523D002F0A17 /* Resources */ = {
			isa = PBXResourcesBuildPhase;
			buildActionMask = 2147483647;
			files = (
				ACA576DF2485523F002F0A17 /* LaunchScreen.storyboard in Resources */,
				34FA3243248D166200985898 /* busdata.json in Resources */,
				76B313DA248D666B00D036D2 /* subwaydata.json in Resources */,
				ACA576DC2485523F002F0A17 /* Assets.xcassets in Resources */,
				ACA576DA2485523D002F0A17 /* Main.storyboard in Resources */,
			);
			runOnlyForDeploymentPostprocessing = 0;
		};
/* End PBXResourcesBuildPhase section */

/* Begin PBXShellScriptBuildPhase section */
		256F167FE773B2000E2EF0B4 /* [CP] Check Pods Manifest.lock */ = {
			isa = PBXShellScriptBuildPhase;
			buildActionMask = 2147483647;
			files = (
			);
			inputFileListPaths = (
			);
			inputPaths = (
				"${PODS_PODFILE_DIR_PATH}/Podfile.lock",
				"${PODS_ROOT}/Manifest.lock",
			);
			name = "[CP] Check Pods Manifest.lock";
			outputFileListPaths = (
			);
			outputPaths = (
				"$(DERIVED_FILE_DIR)/Pods-AvoidCoronaApp-checkManifestLockResult.txt",
			);
			runOnlyForDeploymentPostprocessing = 0;
			shellPath = /bin/sh;
			shellScript = "diff \"${PODS_PODFILE_DIR_PATH}/Podfile.lock\" \"${PODS_ROOT}/Manifest.lock\" > /dev/null\nif [ $? != 0 ] ; then\n    # print error to STDERR\n    echo \"error: The sandbox is not in sync with the Podfile.lock. Run 'pod install' or update your CocoaPods installation.\" >&2\n    exit 1\nfi\n# This output is used by Xcode 'outputs' to avoid re-running this script phase.\necho \"SUCCESS\" > \"${SCRIPT_OUTPUT_FILE_0}\"\n";
			showEnvVarsInLog = 0;
		};
		819E1519A645195D8CB32D38 /* [CP] Embed Pods Frameworks */ = {
			isa = PBXShellScriptBuildPhase;
			buildActionMask = 2147483647;
			files = (
			);
			inputFileListPaths = (
				"${PODS_ROOT}/Target Support Files/Pods-AvoidCoronaApp/Pods-AvoidCoronaApp-frameworks-${CONFIGURATION}-input-files.xcfilelist",
			);
			name = "[CP] Embed Pods Frameworks";
			outputFileListPaths = (
				"${PODS_ROOT}/Target Support Files/Pods-AvoidCoronaApp/Pods-AvoidCoronaApp-frameworks-${CONFIGURATION}-output-files.xcfilelist",
			);
			runOnlyForDeploymentPostprocessing = 0;
			shellPath = /bin/sh;
			shellScript = "\"${PODS_ROOT}/Target Support Files/Pods-AvoidCoronaApp/Pods-AvoidCoronaApp-frameworks.sh\"\n";
			showEnvVarsInLog = 0;
		};
		BA2670CBFA69B54DA8D0277E /* [CP] Copy Pods Resources */ = {
			isa = PBXShellScriptBuildPhase;
			buildActionMask = 2147483647;
			files = (
			);
			inputFileListPaths = (
				"${PODS_ROOT}/Target Support Files/Pods-AvoidCoronaApp/Pods-AvoidCoronaApp-resources-${CONFIGURATION}-input-files.xcfilelist",
			);
			name = "[CP] Copy Pods Resources";
			outputFileListPaths = (
				"${PODS_ROOT}/Target Support Files/Pods-AvoidCoronaApp/Pods-AvoidCoronaApp-resources-${CONFIGURATION}-output-files.xcfilelist",
			);
			runOnlyForDeploymentPostprocessing = 0;
			shellPath = /bin/sh;
			shellScript = "\"${PODS_ROOT}/Target Support Files/Pods-AvoidCoronaApp/Pods-AvoidCoronaApp-resources.sh\"\n";
			showEnvVarsInLog = 0;
		};
/* End PBXShellScriptBuildPhase section */

/* Begin PBXSourcesBuildPhase section */
		ACA576CB2485523D002F0A17 /* Sources */ = {
			isa = PBXSourcesBuildPhase;
			buildActionMask = 2147483647;
			files = (
				34FA323E248D0F9000985898 /* PassengerData.swift in Sources */,
				B874CF432490BD2800CEA270 /* TodaysCoronaViewController.swift in Sources */,
				B874CF472490CAAD00CEA270 /* COVIDDetailCell.swift in Sources */,
				B87B87072487754600D93918 /* (null) in Sources */,
				B874CF452490BE9800CEA270 /* RealtimeSituationBoardViewController.swift in Sources */,
				ACA576D32485523D002F0A17 /* AppDelegate.swift in Sources */,
				ACA576D52485523D002F0A17 /* SceneDelegate.swift in Sources */,
				ACA576E92485537A002F0A17 /* SecondViewController.swift in Sources */,
				ACA576E724855313002F0A17 /* KoreaCoronaDetailViewController.swift in Sources */,
				B835D45B248F8DA4001A4CBF /* RealtimeSituationBoardCell.swift in Sources */,
			);
			runOnlyForDeploymentPostprocessing = 0;
		};
/* End PBXSourcesBuildPhase section */

/* Begin PBXVariantGroup section */
		ACA576D82485523D002F0A17 /* Main.storyboard */ = {
			isa = PBXVariantGroup;
			children = (
				ACA576D92485523D002F0A17 /* Base */,
			);
			name = Main.storyboard;
			sourceTree = "<group>";
		};
		ACA576DD2485523F002F0A17 /* LaunchScreen.storyboard */ = {
			isa = PBXVariantGroup;
			children = (
				ACA576DE2485523F002F0A17 /* Base */,
			);
			name = LaunchScreen.storyboard;
			sourceTree = "<group>";
		};
/* End PBXVariantGroup section */

/* Begin XCBuildConfiguration section */
		ACA576E12485523F002F0A17 /* Debug */ = {
			isa = XCBuildConfiguration;
			buildSettings = {
				ALWAYS_SEARCH_USER_PATHS = NO;
				CLANG_ANALYZER_NONNULL = YES;
				CLANG_ANALYZER_NUMBER_OBJECT_CONVERSION = YES_AGGRESSIVE;
				CLANG_CXX_LANGUAGE_STANDARD = "gnu++14";
				CLANG_CXX_LIBRARY = "libc++";
				CLANG_ENABLE_MODULES = YES;
				CLANG_ENABLE_OBJC_ARC = YES;
				CLANG_ENABLE_OBJC_WEAK = YES;
				CLANG_WARN_BLOCK_CAPTURE_AUTORELEASING = YES;
				CLANG_WARN_BOOL_CONVERSION = YES;
				CLANG_WARN_COMMA = YES;
				CLANG_WARN_CONSTANT_CONVERSION = YES;
				CLANG_WARN_DEPRECATED_OBJC_IMPLEMENTATIONS = YES;
				CLANG_WARN_DIRECT_OBJC_ISA_USAGE = YES_ERROR;
				CLANG_WARN_DOCUMENTATION_COMMENTS = YES;
				CLANG_WARN_EMPTY_BODY = YES;
				CLANG_WARN_ENUM_CONVERSION = YES;
				CLANG_WARN_INFINITE_RECURSION = YES;
				CLANG_WARN_INT_CONVERSION = YES;
				CLANG_WARN_NON_LITERAL_NULL_CONVERSION = YES;
				CLANG_WARN_OBJC_IMPLICIT_RETAIN_SELF = YES;
				CLANG_WARN_OBJC_LITERAL_CONVERSION = YES;
				CLANG_WARN_OBJC_ROOT_CLASS = YES_ERROR;
				CLANG_WARN_RANGE_LOOP_ANALYSIS = YES;
				CLANG_WARN_STRICT_PROTOTYPES = YES;
				CLANG_WARN_SUSPICIOUS_MOVE = YES;
				CLANG_WARN_UNGUARDED_AVAILABILITY = YES_AGGRESSIVE;
				CLANG_WARN_UNREACHABLE_CODE = YES;
				CLANG_WARN__DUPLICATE_METHOD_MATCH = YES;
				COPY_PHASE_STRIP = NO;
				DEBUG_INFORMATION_FORMAT = dwarf;
				ENABLE_STRICT_OBJC_MSGSEND = YES;
				ENABLE_TESTABILITY = YES;
				GCC_C_LANGUAGE_STANDARD = gnu11;
				GCC_DYNAMIC_NO_PIC = NO;
				GCC_NO_COMMON_BLOCKS = YES;
				GCC_OPTIMIZATION_LEVEL = 0;
				GCC_PREPROCESSOR_DEFINITIONS = (
					"DEBUG=1",
					"$(inherited)",
				);
				GCC_WARN_64_TO_32_BIT_CONVERSION = YES;
				GCC_WARN_ABOUT_RETURN_TYPE = YES_ERROR;
				GCC_WARN_UNDECLARED_SELECTOR = YES;
				GCC_WARN_UNINITIALIZED_AUTOS = YES_AGGRESSIVE;
				GCC_WARN_UNUSED_FUNCTION = YES;
				GCC_WARN_UNUSED_VARIABLE = YES;
				IPHONEOS_DEPLOYMENT_TARGET = 13.0;
				MTL_ENABLE_DEBUG_INFO = INCLUDE_SOURCE;
				MTL_FAST_MATH = YES;
				ONLY_ACTIVE_ARCH = YES;
				SDKROOT = iphoneos;
				SWIFT_ACTIVE_COMPILATION_CONDITIONS = DEBUG;
				SWIFT_OPTIMIZATION_LEVEL = "-Onone";
			};
			name = Debug;
		};
		ACA576E22485523F002F0A17 /* Release */ = {
			isa = XCBuildConfiguration;
			buildSettings = {
				ALWAYS_SEARCH_USER_PATHS = NO;
				CLANG_ANALYZER_NONNULL = YES;
				CLANG_ANALYZER_NUMBER_OBJECT_CONVERSION = YES_AGGRESSIVE;
				CLANG_CXX_LANGUAGE_STANDARD = "gnu++14";
				CLANG_CXX_LIBRARY = "libc++";
				CLANG_ENABLE_MODULES = YES;
				CLANG_ENABLE_OBJC_ARC = YES;
				CLANG_ENABLE_OBJC_WEAK = YES;
				CLANG_WARN_BLOCK_CAPTURE_AUTORELEASING = YES;
				CLANG_WARN_BOOL_CONVERSION = YES;
				CLANG_WARN_COMMA = YES;
				CLANG_WARN_CONSTANT_CONVERSION = YES;
				CLANG_WARN_DEPRECATED_OBJC_IMPLEMENTATIONS = YES;
				CLANG_WARN_DIRECT_OBJC_ISA_USAGE = YES_ERROR;
				CLANG_WARN_DOCUMENTATION_COMMENTS = YES;
				CLANG_WARN_EMPTY_BODY = YES;
				CLANG_WARN_ENUM_CONVERSION = YES;
				CLANG_WARN_INFINITE_RECURSION = YES;
				CLANG_WARN_INT_CONVERSION = YES;
				CLANG_WARN_NON_LITERAL_NULL_CONVERSION = YES;
				CLANG_WARN_OBJC_IMPLICIT_RETAIN_SELF = YES;
				CLANG_WARN_OBJC_LITERAL_CONVERSION = YES;
				CLANG_WARN_OBJC_ROOT_CLASS = YES_ERROR;
				CLANG_WARN_RANGE_LOOP_ANALYSIS = YES;
				CLANG_WARN_STRICT_PROTOTYPES = YES;
				CLANG_WARN_SUSPICIOUS_MOVE = YES;
				CLANG_WARN_UNGUARDED_AVAILABILITY = YES_AGGRESSIVE;
				CLANG_WARN_UNREACHABLE_CODE = YES;
				CLANG_WARN__DUPLICATE_METHOD_MATCH = YES;
				COPY_PHASE_STRIP = NO;
				DEBUG_INFORMATION_FORMAT = "dwarf-with-dsym";
				ENABLE_NS_ASSERTIONS = NO;
				ENABLE_STRICT_OBJC_MSGSEND = YES;
				GCC_C_LANGUAGE_STANDARD = gnu11;
				GCC_NO_COMMON_BLOCKS = YES;
				GCC_WARN_64_TO_32_BIT_CONVERSION = YES;
				GCC_WARN_ABOUT_RETURN_TYPE = YES_ERROR;
				GCC_WARN_UNDECLARED_SELECTOR = YES;
				GCC_WARN_UNINITIALIZED_AUTOS = YES_AGGRESSIVE;
				GCC_WARN_UNUSED_FUNCTION = YES;
				GCC_WARN_UNUSED_VARIABLE = YES;
				IPHONEOS_DEPLOYMENT_TARGET = 13.0;
				MTL_ENABLE_DEBUG_INFO = NO;
				MTL_FAST_MATH = YES;
				SDKROOT = iphoneos;
				SWIFT_COMPILATION_MODE = wholemodule;
				SWIFT_OPTIMIZATION_LEVEL = "-O";
				VALIDATE_PRODUCT = YES;
			};
			name = Release;
		};
		ACA576E42485523F002F0A17 /* Debug */ = {
			isa = XCBuildConfiguration;
			baseConfigurationReference = 3CE935DD4D298A69C1481DDC /* Pods-AvoidCoronaApp.debug.xcconfig */;
			buildSettings = {
				ASSETCATALOG_COMPILER_APPICON_NAME = AppIcon;
				CODE_SIGN_STYLE = Automatic;
				DEVELOPMENT_TEAM = JZS3QL9D56;
				INFOPLIST_FILE = AvoidCoronaApp/Info.plist;
				LD_RUNPATH_SEARCH_PATHS = (
					"$(inherited)",
					"@executable_path/Frameworks",
				);
				PRODUCT_BUNDLE_IDENTIFIER = kr.ac.knu.Azdercia.AvoidCoronaApp;
				PRODUCT_NAME = "$(TARGET_NAME)";
				SWIFT_VERSION = 5.0;
				TARGETED_DEVICE_FAMILY = 1;
			};
			name = Debug;
		};
		ACA576E52485523F002F0A17 /* Release */ = {
			isa = XCBuildConfiguration;
			baseConfigurationReference = EA944F8AB6F2584367CE189B /* Pods-AvoidCoronaApp.release.xcconfig */;
			buildSettings = {
				ASSETCATALOG_COMPILER_APPICON_NAME = AppIcon;
				CODE_SIGN_STYLE = Automatic;
				DEVELOPMENT_TEAM = JZS3QL9D56;
				INFOPLIST_FILE = AvoidCoronaApp/Info.plist;
				LD_RUNPATH_SEARCH_PATHS = (
					"$(inherited)",
					"@executable_path/Frameworks",
				);
				PRODUCT_BUNDLE_IDENTIFIER = kr.ac.knu.Azdercia.AvoidCoronaApp;
				PRODUCT_NAME = "$(TARGET_NAME)";
				SWIFT_VERSION = 5.0;
				TARGETED_DEVICE_FAMILY = 1;
			};
			name = Release;
		};
/* End XCBuildConfiguration section */

/* Begin XCConfigurationList section */
		ACA576CA2485523D002F0A17 /* Build configuration list for PBXProject "AvoidCoronaApp" */ = {
			isa = XCConfigurationList;
			buildConfigurations = (
				ACA576E12485523F002F0A17 /* Debug */,
				ACA576E22485523F002F0A17 /* Release */,
			);
			defaultConfigurationIsVisible = 0;
			defaultConfigurationName = Release;
		};
		ACA576E32485523F002F0A17 /* Build configuration list for PBXNativeTarget "AvoidCoronaApp" */ = {
			isa = XCConfigurationList;
			buildConfigurations = (
				ACA576E42485523F002F0A17 /* Debug */,
				ACA576E52485523F002F0A17 /* Release */,
			);
			defaultConfigurationIsVisible = 0;
			defaultConfigurationName = Release;
		};
/* End XCConfigurationList section */
	};
	rootObject = ACA576C72485523D002F0A17 /* Project object */;
}
